
Microsoft Visual Studio Solution File, Format Version 12.00
# Visual Studio Version 16
VisualStudioVersion = 16.0.31129.286
MinimumVisualStudioVersion = 10.0.40219.1
Project("{FAE04EC0-301F-11D3-BF4B-00C04F79EFBC}") = "HW05", "HW05\HW05.csproj", "{1CA507CD-5CC3-4779-B313-D637AB0107ED}"
EndProject
Global
	GlobalSection(SolutionConfigurationPlatforms) = preSolution
		Debug|Any CPU = Debug|Any CPU
		Release|Any CPU = Release|Any CPU
	EndGlobalSection
	GlobalSection(ProjectConfigurationPlatforms) = postSolution
		{1CA507CD-5CC3-4779-B313-D637AB0107ED}.Debug|Any CPU.ActiveCfg = Debug|Any CPU
		{1CA507CD-5CC3-4779-B313-D637AB0107ED}.Debug|Any CPU.Build.0 = Debug|Any CPU
		{1CA507CD-5CC3-4779-B313-D637AB0107ED}.Release|Any CPU.ActiveCfg = Release|Any CPU
		{1CA507CD-5CC3-4779-B313-D637AB0107ED}.Release|Any CPU.Build.0 = Release|Any CPU
	EndGlobalSection
	GlobalSection(SolutionProperties) = preSolution
		HideSolutionNode = FALSE
	EndGlobalSection
	GlobalSection(ExtensibilityGlobals) = postSolution
		SolutionGuid = {BE93FBD7-EF79-4B78-9494-D8B9CBC17EBD}
	EndGlobalSection
EndGlobal
